
Microsoft Visual Studio Solution File, Format Version 12.00
# Visual Studio Express 2013 for Windows Desktop
VisualStudioVersion = 12.0.31101.0
MinimumVisualStudioVersion = 10.0.40219.1
Project("{8BC9CEB8-8B4A-11D0-8D11-00A0C91BC942}") = "ConsoleApplication32", "ConsoleApplication32\ConsoleApplication32.vcxproj", "{CB15B1F2-3E85-4A46-BF7A-C3758B58C234}"
EndProject
Global
	GlobalSection(SolutionConfigurationPlatforms) = preSolution
		Debug|Win32 = Debug|Win32
		Release|Win32 = Release|Win32
	EndGlobalSection
	GlobalSection(ProjectConfigurationPlatforms) = postSolution
		{CB15B1F2-3E85-4A46-BF7A-C3758B58C234}.Debug|Win32.ActiveCfg = Debug|Win32
		{CB15B1F2-3E85-4A46-BF7A-C3758B58C234}.Debug|Win32.Build.0 = Debug|Win32
		{CB15B1F2-3E85-4A46-BF7A-C3758B58C234}.Release|Win32.ActiveCfg = Release|Win32
		{CB15B1F2-3E85-4A46-BF7A-C3758B58C234}.Release|Win32.Build.0 = Release|Win32
	EndGlobalSection
	GlobalSection(SolutionProperties) = preSolution
		HideSolutionNode = FALSE
	EndGlobalSection
EndGlobal
